// !$*UTF8*$!
{
	archiveVersion = 1;
	classes = {
	};
	objectVersion = 46;
	objects = {

/* Begin PBXBuildFile section */
		7B3C91A23811F61D8BFFF1E5 /* libPods-Liankeji.a in Frameworks */ = {isa = PBXBuildFile; fileRef = 6F252549BA2B14C997713502 /* libPods-Liankeji.a */; };
		99E41F2C1DED0E0D00F32968 /* main.m in Sources */ = {isa = PBXBuildFile; fileRef = 99E41F2B1DED0E0D00F32968 /* main.m */; };
		99E41F2F1DED0E0D00F32968 /* AppDelegate.m in Sources */ = {isa = PBXBuildFile; fileRef = 99E41F2E1DED0E0D00F32968 /* AppDelegate.m */; };
		99E41F321DED0E0D00F32968 /* ViewController.m in Sources */ = {isa = PBXBuildFile; fileRef = 99E41F311DED0E0D00F32968 /* ViewController.m */; };
		99E41F351DED0E0D00F32968 /* Main.storyboard in Resources */ = {isa = PBXBuildFile; fileRef = 99E41F331DED0E0D00F32968 /* Main.storyboard */; };
		99E41F371DED0E0D00F32968 /* Assets.xcassets in Resources */ = {isa = PBXBuildFile; fileRef = 99E41F361DED0E0D00F32968 /* Assets.xcassets */; };
		99E41F3A1DED0E0D00F32968 /* LaunchScreen.storyboard in Resources */ = {isa = PBXBuildFile; fileRef = 99E41F381DED0E0D00F32968 /* LaunchScreen.storyboard */; };
		99E41F451DED0E0D00F32968 /* LiankejiTests.m in Sources */ = {isa = PBXBuildFile; fileRef = 99E41F441DED0E0D00F32968 /* LiankejiTests.m */; };
		99E41F501DED0E0D00F32968 /* LiankejiUITests.m in Sources */ = {isa = PBXBuildFile; fileRef = 99E41F4F1DED0E0D00F32968 /* LiankejiUITests.m */; };
/* End PBXBuildFile section */

/* Begin PBXContainerItemProxy section */
		99E41F411DED0E0D00F32968 /* PBXContainerItemProxy */ = {
			isa = PBXContainerItemProxy;
			containerPortal = 99E41F1F1DED0E0D00F32968 /* Project object */;
			proxyType = 1;
			remoteGlobalIDString = 99E41F261DED0E0D00F32968;
			remoteInfo = Liankeji;
		};
		99E41F4C1DED0E0D00F32968 /* PBXContainerItemProxy */ = {
			isa = PBXContainerItemProxy;
			containerPortal = 99E41F1F1DED0E0D00F32968 /* Project object */;
			proxyType = 1;
			remoteGlobalIDString = 99E41F261DED0E0D00F32968;
			remoteInfo = Liankeji;
		};
/* End PBXContainerItemProxy section */

/* Begin PBXFileReference section */
		171D16133C96CADD3DD4CC71 /* Pods-Liankeji.debug.xcconfig */ = {isa = PBXFileReference; includeInIndex = 1; lastKnownFileType = text.xcconfig; name = "Pods-Liankeji.debug.xcconfig"; path = "Pods/Target Support Files/Pods-Liankeji/Pods-Liankeji.debug.xcconfig"; sourceTree = "<group>"; };
		6F252549BA2B14C997713502 /* libPods-Liankeji.a */ = {isa = PBXFileReference; explicitFileType = archive.ar; includeInIndex = 0; path = "libPods-Liankeji.a"; sourceTree = BUILT_PRODUCTS_DIR; };
		99E41F271DED0E0D00F32968 /* Liankeji.app */ = {isa = PBXFileReference; explicitFileType = wrapper.application; includeInIndex = 0; path = Liankeji.app; sourceTree = BUILT_PRODUCTS_DIR; };
		99E41F2B1DED0E0D00F32968 /* main.m */ = {isa = PBXFileReference; lastKnownFileType = sourcecode.c.objc; path = main.m; sourceTree = "<group>"; };
		99E41F2D1DED0E0D00F32968 /* AppDelegate.h */ = {isa = PBXFileReference; lastKnownFileType = sourcecode.c.h; path = AppDelegate.h; sourceTree = "<group>"; };
		99E41F2E1DED0E0D00F32968 /* AppDelegate.m */ = {isa = PBXFileReference; lastKnownFileType = sourcecode.c.objc; path = AppDelegate.m; sourceTree = "<group>"; };
		99E41F301DED0E0D00F32968 /* ViewController.h */ = {isa = PBXFileReference; lastKnownFileType = sourcecode.c.h; path = ViewController.h; sourceTree = "<group>"; };
		99E41F311DED0E0D00F32968 /* ViewController.m */ = {isa = PBXFileReference; lastKnownFileType = sourcecode.c.objc; path = ViewController.m; sourceTree = "<group>"; };
		99E41F341DED0E0D00F32968 /* Base */ = {isa = PBXFileReference; lastKnownFileType = file.storyboard; name = Base; path = Base.lproj/Main.storyboard; sourceTree = "<group>"; };
		99E41F361DED0E0D00F32968 /* Assets.xcassets */ = {isa = PBXFileReference; lastKnownFileType = folder.assetcatalog; path = Assets.xcassets; sourceTree = "<group>"; };
		99E41F391DED0E0D00F32968 /* Base */ = {isa = PBXFileReference; lastKnownFileType = file.storyboard; name = Base; path = Base.lproj/LaunchScreen.storyboard; sourceTree = "<group>"; };
		99E41F3B1DED0E0D00F32968 /* Info.plist */ = {isa = PBXFileReference; lastKnownFileType = text.plist.xml; path = Info.plist; sourceTree = "<group>"; };
		99E41F401DED0E0D00F32968 /* LiankejiTests.xctest */ = {isa = PBXFileReference; explicitFileType = wrapper.cfbundle; includeInIndex = 0; path = LiankejiTests.xctest; sourceTree = BUILT_PRODUCTS_DIR; };
		99E41F441DED0E0D00F32968 /* LiankejiTests.m */ = {isa = PBXFileReference; lastKnownFileType = sourcecode.c.objc; path = LiankejiTests.m; sourceTree = "<group>"; };
		99E41F461DED0E0D00F32968 /* Info.plist */ = {isa = PBXFileReference; lastKnownFileType = text.plist.xml; path = Info.plist; sourceTree = "<group>"; };
		99E41F4B1DED0E0D00F32968 /* LiankejiUITests.xctest */ = {isa = PBXFileReference; explicitFileType = wrapper.cfbundle; includeInIndex = 0; path = LiankejiUITests.xctest; sourceTree = BUILT_PRODUCTS_DIR; };
		99E41F4F1DED0E0D00F32968 /* LiankejiUITests.m */ = {isa = PBXFileReference; lastKnownFileType = sourcecode.c.objc; path = LiankejiUITests.m; sourceTree = "<group>"; };
		99E41F511DED0E0D00F32968 /* Info.plist */ = {isa = PBXFileReference; lastKnownFileType = text.plist.xml; path = Info.plist; sourceTree = "<group>"; };
		C28E2609DC27D38C622EB451 /* Pods-Liankeji.release.xcconfig */ = {isa = PBXFileReference; includeInIndex = 1; lastKnownFileType = text.xcconfig; name = "Pods-Liankeji.release.xcconfig"; path = "Pods/Target Support Files/Pods-Liankeji/Pods-Liankeji.release.xcconfig"; sourceTree = "<group>"; };
/* End PBXFileReference section */

/* Begin PBXFrameworksBuildPhase section */
		99E41F241DED0E0D00F32968 /* Frameworks */ = {
			isa = PBXFrameworksBuildPhase;
			buildActionMask = 2147483647;
			files = (
				7B3C91A23811F61D8BFFF1E5 /* libPods-Liankeji.a in Frameworks */,
			);
			runOnlyForDeploymentPostprocessing = 0;
		};
		99E41F3D1DED0E0D00F32968 /* Frameworks */ = {
			isa = PBXFrameworksBuildPhase;
			buildActionMask = 2147483647;
			files = (
			);
			runOnlyForDeploymentPostprocessing = 0;
		};
		99E41F481DED0E0D00F32968 /* Frameworks */ = {
			isa = PBXFrameworksBuildPhase;
			buildActionMask = 2147483647;
			files = (
			);
			runOnlyForDeploymentPostprocessing = 0;
		};
/* End PBXFrameworksBuildPhase section */

/* Begin PBXGroup section */
		82A04DE6B425D207E39EFC6B /* Frameworks */ = {
			isa = PBXGroup;
			children = (
				6F252549BA2B14C997713502 /* libPods-Liankeji.a */,
			);
			name = Frameworks;
			sourceTree = "<group>";
		};
		99E41F1E1DED0E0D00F32968 = {
			isa = PBXGroup;
			children = (
				99E41F291DED0E0D00F32968 /* Liankeji */,
				99E41F431DED0E0D00F32968 /* LiankejiTests */,
				99E41F4E1DED0E0D00F32968 /* LiankejiUITests */,
				99E41F281DED0E0D00F32968 /* Products */,
				A0CFF79DB7A0B244AB733FD2 /* Pods */,
				82A04DE6B425D207E39EFC6B /* Frameworks */,
			);
			sourceTree = "<group>";
		};
		99E41F281DED0E0D00F32968 /* Products */ = {
			isa = PBXGroup;
			children = (
				99E41F271DED0E0D00F32968 /* Liankeji.app */,
				99E41F401DED0E0D00F32968 /* LiankejiTests.xctest */,
				99E41F4B1DED0E0D00F32968 /* LiankejiUITests.xctest */,
			);
			name = Products;
			sourceTree = "<group>";
		};
		99E41F291DED0E0D00F32968 /* Liankeji */ = {
			isa = PBXGroup;
			children = (
				99E41F2D1DED0E0D00F32968 /* AppDelegate.h */,
				99E41F2E1DED0E0D00F32968 /* AppDelegate.m */,
				99E41F301DED0E0D00F32968 /* ViewController.h */,
				99E41F311DED0E0D00F32968 /* ViewController.m */,
				99E41F331DED0E0D00F32968 /* Main.storyboard */,
				99E41F361DED0E0D00F32968 /* Assets.xcassets */,
				99E41F381DED0E0D00F32968 /* LaunchScreen.storyboard */,
				99E41F3B1DED0E0D00F32968 /* Info.plist */,
				99E41F2A1DED0E0D00F32968 /* Supporting Files */,
			);
			path = Liankeji;
			sourceTree = "<group>";
		};
		99E41F2A1DED0E0D00F32968 /* Supporting Files */ = {
			isa = PBXGroup;
			children = (
				99E41F2B1DED0E0D00F32968 /* main.m */,
			);
			name = "Supporting Files";
			sourceTree = "<group>";
		};
		99E41F431DED0E0D00F32968 /* LiankejiTests */ = {
			isa = PBXGroup;
			children = (
				99E41F441DED0E0D00F32968 /* LiankejiTests.m */,
				99E41F461DED0E0D00F32968 /* Info.plist */,
			);
			path = LiankejiTests;
			sourceTree = "<group>";
		};
		99E41F4E1DED0E0D00F32968 /* LiankejiUITests */ = {
			isa = PBXGroup;
			children = (
				99E41F4F1DED0E0D00F32968 /* LiankejiUITests.m */,
				99E41F511DED0E0D00F32968 /* Info.plist */,
			);
			path = LiankejiUITests;
			sourceTree = "<group>";
		};
		A0CFF79DB7A0B244AB733FD2 /* Pods */ = {
			isa = PBXGroup;
			children = (
				171D16133C96CADD3DD4CC71 /* Pods-Liankeji.debug.xcconfig */,
				C28E2609DC27D38C622EB451 /* Pods-Liankeji.release.xcconfig */,
			);
			name = Pods;
			sourceTree = "<group>";
		};
/* End PBXGroup section */

/* Begin PBXNativeTarget section */
		99E41F261DED0E0D00F32968 /* Liankeji */ = {
			isa = PBXNativeTarget;
			buildConfigurationList = 99E41F541DED0E0D00F32968 /* Build configuration list for PBXNativeTarget "Liankeji" */;
			buildPhases = (
				22A524FE7D74E96EC9D72C21 /* [CP] Check Pods Manifest.lock */,
				99E41F231DED0E0D00F32968 /* Sources */,
				99E41F241DED0E0D00F32968 /* Frameworks */,
				99E41F251DED0E0D00F32968 /* Resources */,
				7F891D1A004AB64AAC6E19C5 /* [CP] Embed Pods Frameworks */,
				2D10C98EC17B74DD19548D86 /* [CP] Copy Pods Resources */,
			);
			buildRules = (
			);
			dependencies = (
			);
			name = Liankeji;
			productName = Liankeji;
			productReference = 99E41F271DED0E0D00F32968 /* Liankeji.app */;
			productType = "com.apple.product-type.application";
		};
		99E41F3F1DED0E0D00F32968 /* LiankejiTests */ = {
			isa = PBXNativeTarget;
			buildConfigurationList = 99E41F571DED0E0D00F32968 /* Build configuration list for PBXNativeTarget "LiankejiTests" */;
			buildPhases = (
				99E41F3C1DED0E0D00F32968 /* Sources */,
				99E41F3D1DED0E0D00F32968 /* Frameworks */,
				99E41F3E1DED0E0D00F32968 /* Resources */,
			);
			buildRules = (
			);
			dependencies = (
				99E41F421DED0E0D00F32968 /* PBXTargetDependency */,
			);
			name = LiankejiTests;
			productName = LiankejiTests;
			productReference = 99E41F401DED0E0D00F32968 /* LiankejiTests.xctest */;
			productType = "com.apple.product-type.bundle.unit-test";
		};
		99E41F4A1DED0E0D00F32968 /* LiankejiUITests */ = {
			isa = PBXNativeTarget;
			buildConfigurationList = 99E41F5A1DED0E0D00F32968 /* Build configuration list for PBXNativeTarget "LiankejiUITests" */;
			buildPhases = (
				99E41F471DED0E0D00F32968 /* Sources */,
				99E41F481DED0E0D00F32968 /* Frameworks */,
				99E41F491DED0E0D00F32968 /* Resources */,
			);
			buildRules = (
			);
			dependencies = (
				99E41F4D1DED0E0D00F32968 /* PBXTargetDependency */,
			);
			name = LiankejiUITests;
			productName = LiankejiUITests;
			productReference = 99E41F4B1DED0E0D00F32968 /* LiankejiUITests.xctest */;
			productType = "com.apple.product-type.bundle.ui-testing";
		};
/* End PBXNativeTarget section */

/* Begin PBXProject section */
		99E41F1F1DED0E0D00F32968 /* Project object */ = {
			isa = PBXProject;
			attributes = {
				LastUpgradeCheck = 0720;
				ORGANIZATIONNAME = haichuanhuiwulianxinxi;
				TargetAttributes = {
					99E41F261DED0E0D00F32968 = {
						CreatedOnToolsVersion = 7.2.1;
						DevelopmentTeam = N64S25EDC3;
					};
					99E41F3F1DED0E0D00F32968 = {
						CreatedOnToolsVersion = 7.2.1;
						DevelopmentTeam = N64S25EDC3;
						TestTargetID = 99E41F261DED0E0D00F32968;
					};
					99E41F4A1DED0E0D00F32968 = {
						CreatedOnToolsVersion = 7.2.1;
						DevelopmentTeam = N64S25EDC3;
						TestTargetID = 99E41F261DED0E0D00F32968;
					};
				};
			};
			buildConfigurationList = 99E41F221DED0E0D00F32968 /* Build configuration list for PBXProject "Liankeji" */;
			compatibilityVersion = "Xcode 3.2";
			developmentRegion = English;
			hasScannedForEncodings = 0;
			knownRegions = (
				en,
				Base,
			);
			mainGroup = 99E41F1E1DED0E0D00F32968;
			productRefGroup = 99E41F281DED0E0D00F32968 /* Products */;
			projectDirPath = "";
			projectRoot = "";
			targets = (
				99E41F261DED0E0D00F32968 /* Liankeji */,
				99E41F3F1DED0E0D00F32968 /* LiankejiTests */,
				99E41F4A1DED0E0D00F32968 /* LiankejiUITests */,
			);
		};
/* End PBXProject section */

/* Begin PBXResourcesBuildPhase section */
		99E41F251DED0E0D00F32968 /* Resources */ = {
			isa = PBXResourcesBuildPhase;
			buildActionMask = 2147483647;
			files = (
				99E41F3A1DED0E0D00F32968 /* LaunchScreen.storyboard in Resources */,
				99E41F371DED0E0D00F32968 /* Assets.xcassets in Resources */,
				99E41F351DED0E0D00F32968 /* Main.storyboard in Resources */,
			);
			runOnlyForDeploymentPostprocessing = 0;
		};
		99E41F3E1DED0E0D00F32968 /* Resources */ = {
			isa = PBXResourcesBuildPhase;
			buildActionMask = 2147483647;
			files = (
			);
			runOnlyForDeploymentPostprocessing = 0;
		};
		99E41F491DED0E0D00F32968 /* Resources */ = {
			isa = PBXResourcesBuildPhase;
			buildActionMask = 2147483647;
			files = (
			);
			runOnlyForDeploymentPostprocessing = 0;
		};
/* End PBXResourcesBuildPhase section */

/* Begin PBXShellScriptBuildPhase section */
		22A524FE7D74E96EC9D72C21 /* [CP] Check Pods Manifest.lock */ = {
			isa = PBXShellScriptBuildPhase;
			buildActionMask = 2147483647;
			files = (
			);
			inputPaths = (
			);
			name = "[CP] Check Pods Manifest.lock";
			outputPaths = (
			);
			runOnlyForDeploymentPostprocessing = 0;
			shellPath = /bin/sh;
			shellScript = "diff \"${PODS_ROOT}/../Podfile.lock\" \"${PODS_ROOT}/Manifest.lock\" > /dev/null\nif [ $? != 0 ] ; then\n    # print error to STDERR\n    echo \"error: The sandbox is not in sync with the Podfile.lock. Run 'pod install' or update your CocoaPods installation.\" >&2\n    exit 1\nfi\n";
			showEnvVarsInLog = 0;
		};
		2D10C98EC17B74DD19548D86 /* [CP] Copy Pods Resources */ = {
			isa = PBXShellScriptBuildPhase;
			buildActionMask = 2147483647;
			files = (
			);
			inputPaths = (
			);
			name = "[CP] Copy Pods Resources";
			outputPaths = (
			);
			runOnlyForDeploymentPostprocessing = 0;
			shellPath = /bin/sh;
			shellScript = "\"${SRCROOT}/Pods/Target Support Files/Pods-Liankeji/Pods-Liankeji-resources.sh\"\n";
			showEnvVarsInLog = 0;
		};
		7F891D1A004AB64AAC6E19C5 /* [CP] Embed Pods Frameworks */ = {
			isa = PBXShellScriptBuildPhase;
			buildActionMask = 2147483647;
			files = (
			);
			inputPaths = (
			);
			name = "[CP] Embed Pods Frameworks";
			outputPaths = (
			);
			runOnlyForDeploymentPostprocessing = 0;
			shellPath = /bin/sh;
			shellScript = "\"${SRCROOT}/Pods/Target Support Files/Pods-Liankeji/Pods-Liankeji-frameworks.sh\"\n";
			showEnvVarsInLog = 0;
		};
/* End PBXShellScriptBuildPhase section */

/* Begin PBXSourcesBuildPhase section */
		99E41F231DED0E0D00F32968 /* Sources */ = {
			isa = PBXSourcesBuildPhase;
			buildActionMask = 2147483647;
			files = (
				99E41F321DED0E0D00F32968 /* ViewController.m in Sources */,
				99E41F2F1DED0E0D00F32968 /* AppDelegate.m in Sources */,
				99E41F2C1DED0E0D00F32968 /* main.m in Sources */,
			);
			runOnlyForDeploymentPostprocessing = 0;
		};
		99E41F3C1DED0E0D00F32968 /* Sources */ = {
			isa = PBXSourcesBuildPhase;
			buildActionMask = 2147483647;
			files = (
				99E41F451DED0E0D00F32968 /* LiankejiTests.m in Sources */,
			);
			runOnlyForDeploymentPostprocessing = 0;
		};
		99E41F471DED0E0D00F32968 /* Sources */ = {
			isa = PBXSourcesBuildPhase;
			buildActionMask = 2147483647;
			files = (
				99E41F501DED0E0D00F32968 /* LiankejiUITests.m in Sources */,
			);
			runOnlyForDeploymentPostprocessing = 0;
		};
/* End PBXSourcesBuildPhase section */

/* Begin PBXTargetDependency section */
		99E41F421DED0E0D00F32968 /* PBXTargetDependency */ = {
			isa = PBXTargetDependency;
			target = 99E41F261DED0E0D00F32968 /* Liankeji */;
			targetProxy = 99E41F411DED0E0D00F32968 /* PBXContainerItemProxy */;
		};
		99E41F4D1DED0E0D00F32968 /* PBXTargetDependency */ = {
			isa = PBXTargetDependency;
			target = 99E41F261DED0E0D00F32968 /* Liankeji */;
			targetProxy = 99E41F4C1DED0E0D00F32968 /* PBXContainerItemProxy */;
		};
/* End PBXTargetDependency section */

/* Begin PBXVariantGroup section */
		99E41F331DED0E0D00F32968 /* Main.storyboard */ = {
			isa = PBXVariantGroup;
			children = (
				99E41F341DED0E0D00F32968 /* Base */,
			);
			name = Main.storyboard;
			sourceTree = "<group>";
		};
		99E41F381DED0E0D00F32968 /* LaunchScreen.storyboard */ = {
			isa = PBXVariantGroup;
			children = (
				99E41F391DED0E0D00F32968 /* Base */,
			);
			name = LaunchScreen.storyboard;
			sourceTree = "<group>";
		};
/* End PBXVariantGroup section */

/* Begin XCBuildConfiguration section */
		99E41F521DED0E0D00F32968 /* Debug */ = {
			isa = XCBuildConfiguration;
			buildSettings = {
				ALWAYS_SEARCH_USER_PATHS = NO;
				CLANG_CXX_LANGUAGE_STANDARD = "gnu++0x";
				CLANG_CXX_LIBRARY = "libc++";
				CLANG_ENABLE_MODULES = YES;
				CLANG_ENABLE_OBJC_ARC = YES;
				CLANG_WARN_BOOL_CONVERSION = YES;
				CLANG_WARN_CONSTANT_CONVERSION = YES;
				CLANG_WARN_DIRECT_OBJC_ISA_USAGE = YES_ERROR;
				CLANG_WARN_EMPTY_BODY = YES;
				CLANG_WARN_ENUM_CONVERSION = YES;
				CLANG_WARN_INT_CONVERSION = YES;
				CLANG_WARN_OBJC_ROOT_CLASS = YES_ERROR;
				CLANG_WARN_UNREACHABLE_CODE = YES;
				CLANG_WARN__DUPLICATE_METHOD_MATCH = YES;
				"CODE_SIGN_IDENTITY[sdk=iphoneos*]" = "iPhone Developer";
				COPY_PHASE_STRIP = NO;
				DEBUG_INFORMATION_FORMAT = dwarf;
				ENABLE_STRICT_OBJC_MSGSEND = YES;
				ENABLE_TESTABILITY = YES;
				GCC_C_LANGUAGE_STANDARD = gnu99;
				GCC_DYNAMIC_NO_PIC = NO;
				GCC_NO_COMMON_BLOCKS = YES;
				GCC_OPTIMIZATION_LEVEL = 0;
				GCC_PREPROCESSOR_DEFINITIONS = (
					"DEBUG=1",
					"$(inherited)",
				);
				GCC_WARN_64_TO_32_BIT_CONVERSION = YES;
				GCC_WARN_ABOUT_RETURN_TYPE = YES_ERROR;
				GCC_WARN_UNDECLARED_SELECTOR = YES;
				GCC_WARN_UNINITIALIZED_AUTOS = YES_AGGRESSIVE;
				GCC_WARN_UNUSED_FUNCTION = YES;
				GCC_WARN_UNUSED_VARIABLE = YES;
				IPHONEOS_DEPLOYMENT_TARGET = 9.2;
				MTL_ENABLE_DEBUG_INFO = YES;
				ONLY_ACTIVE_ARCH = YES;
				SDKROOT = iphoneos;
			};
			name = Debug;
		};
		99E41F531DED0E0D00F32968 /* Release */ = {
			isa = XCBuildConfiguration;
			buildSettings = {
				ALWAYS_SEARCH_USER_PATHS = NO;
				CLANG_CXX_LANGUAGE_STANDARD = "gnu++0x";
				CLANG_CXX_LIBRARY = "libc++";
				CLANG_ENABLE_MODULES = YES;
				CLANG_ENABLE_OBJC_ARC = YES;
				CLANG_WARN_BOOL_CONVERSION = YES;
				CLANG_WARN_CONSTANT_CONVERSION = YES;
				CLANG_WARN_DIRECT_OBJC_ISA_USAGE = YES_ERROR;
				CLANG_WARN_EMPTY_BODY = YES;
				CLANG_WARN_ENUM_CONVERSION = YES;
				CLANG_WARN_INT_CONVERSION = YES;
				CLANG_WARN_OBJC_ROOT_CLASS = YES_ERROR;
				CLANG_WARN_UNREACHABLE_CODE = YES;
				CLANG_WARN__DUPLICATE_METHOD_MATCH = YES;
				"CODE_SIGN_IDENTITY[sdk=iphoneos*]" = "iPhone Developer";
				COPY_PHASE_STRIP = NO;
				DEBUG_INFORMATION_FORMAT = "dwarf-with-dsym";
				ENABLE_NS_ASSERTIONS = NO;
				ENABLE_STRICT_OBJC_MSGSEND = YES;
				GCC_C_LANGUAGE_STANDARD = gnu99;
				GCC_NO_COMMON_BLOCKS = YES;
				GCC_WARN_64_TO_32_BIT_CONVERSION = YES;
				GCC_WARN_ABOUT_RETURN_TYPE = YES_ERROR;
				GCC_WARN_UNDECLARED_SELECTOR = YES;
				GCC_WARN_UNINITIALIZED_AUTOS = YES_AGGRESSIVE;
				GCC_WARN_UNUSED_FUNCTION = YES;
				GCC_WARN_UNUSED_VARIABLE = YES;
				IPHONEOS_DEPLOYMENT_TARGET = 9.2;
				MTL_ENABLE_DEBUG_INFO = NO;
				SDKROOT = iphoneos;
				VALIDATE_PRODUCT = YES;
			};
			name = Release;
		};
		99E41F551DED0E0D00F32968 /* Debug */ = {
			isa = XCBuildConfiguration;
			baseConfigurationReference = 171D16133C96CADD3DD4CC71 /* Pods-Liankeji.debug.xcconfig */;
			buildSettings = {
				ASSETCATALOG_COMPILER_APPICON_NAME = AppIcon;
				INFOPLIST_FILE = Liankeji/Info.plist;
				LD_RUNPATH_SEARCH_PATHS = "$(inherited) @executable_path/Frameworks";
				PRODUCT_BUNDLE_IDENTIFIER = lzh.Liankeji;
				PRODUCT_NAME = "$(TARGET_NAME)";
			};
			name = Debug;
		};
		99E41F561DED0E0D00F32968 /* Release */ = {
			isa = XCBuildConfiguration;
			baseConfigurationReference = C28E2609DC27D38C622EB451 /* Pods-Liankeji.release.xcconfig */;
			buildSettings = {
				ASSETCATALOG_COMPILER_APPICON_NAME = AppIcon;
				INFOPLIST_FILE = Liankeji/Info.plist;
				LD_RUNPATH_SEARCH_PATHS = "$(inherited) @executable_path/Frameworks";
				PRODUCT_BUNDLE_IDENTIFIER = lzh.Liankeji;
				PRODUCT_NAME = "$(TARGET_NAME)";
			};
			name = Release;
		};
		99E41F581DED0E0D00F32968 /* Debug */ = {
			isa = XCBuildConfiguration;
			buildSettings = {
				BUNDLE_LOADER = "$(TEST_HOST)";
				INFOPLIST_FILE = LiankejiTests/Info.plist;
				LD_RUNPATH_SEARCH_PATHS = "$(inherited) @executable_path/Frameworks @loader_path/Frameworks";
				PRODUCT_BUNDLE_IDENTIFIER = lzh.LiankejiTests;
				PRODUCT_NAME = "$(TARGET_NAME)";
				TEST_HOST = "$(BUILT_PRODUCTS_DIR)/Liankeji.app/Liankeji";
			};
			name = Debug;
		};
		99E41F591DED0E0D00F32968 /* Release */ = {
			isa = XCBuildConfiguration;
			buildSettings = {
				BUNDLE_LOADER = "$(TEST_HOST)";
				INFOPLIST_FILE = LiankejiTests/Info.plist;
				LD_RUNPATH_SEARCH_PATHS = "$(inherited) @executable_path/Frameworks @loader_path/Frameworks";
				PRODUCT_BUNDLE_IDENTIFIER = lzh.LiankejiTests;
				PRODUCT_NAME = "$(TARGET_NAME)";
				TEST_HOST = "$(BUILT_PRODUCTS_DIR)/Liankeji.app/Liankeji";
			};
			name = Release;
		};
		99E41F5B1DED0E0D00F32968 /* Debug */ = {
			isa = XCBuildConfiguration;
			buildSettings = {
				INFOPLIST_FILE = LiankejiUITests/Info.plist;
				LD_RUNPATH_SEARCH_PATHS = "$(inherited) @executable_path/Frameworks @loader_path/Frameworks";
				PRODUCT_BUNDLE_IDENTIFIER = lzh.LiankejiUITests;
				PRODUCT_NAME = "$(TARGET_NAME)";
				TEST_TARGET_NAME = Liankeji;
				USES_XCTRUNNER = YES;
			};
			name = Debug;
		};
		99E41F5C1DED0E0D00F32968 /* Release */ = {
			isa = XCBuildConfiguration;
			buildSettings = {
				INFOPLIST_FILE = LiankejiUITests/Info.plist;
				LD_RUNPATH_SEARCH_PATHS = "$(inherited) @executable_path/Frameworks @loader_path/Frameworks";
				PRODUCT_BUNDLE_IDENTIFIER = lzh.LiankejiUITests;
				PRODUCT_NAME = "$(TARGET_NAME)";
				TEST_TARGET_NAME = Liankeji;
				USES_XCTRUNNER = YES;
			};
			name = Release;
		};
/* End XCBuildConfiguration section */

/* Begin XCConfigurationList section */
		99E41F221DED0E0D00F32968 /* Build configuration list for PBXProject "Liankeji" */ = {
			isa = XCConfigurationList;
			buildConfigurations = (
				99E41F521DED0E0D00F32968 /* Debug */,
				99E41F531DED0E0D00F32968 /* Release */,
			);
			defaultConfigurationIsVisible = 0;
			defaultConfigurationName = Release;
		};
		99E41F541DED0E0D00F32968 /* Build configuration list for PBXNativeTarget "Liankeji" */ = {
			isa = XCConfigurationList;
			buildConfigurations = (
				99E41F551DED0E0D00F32968 /* Debug */,
				99E41F561DED0E0D00F32968 /* Release */,
			);
			defaultConfigurationIsVisible = 0;
		};
		99E41F571DED0E0D00F32968 /* Build configuration list for PBXNativeTarget "LiankejiTests" */ = {
			isa = XCConfigurationList;
			buildConfigurations = (
				99E41F581DED0E0D00F32968 /* Debug */,
				99E41F591DED0E0D00F32968 /* Release */,
			);
			defaultConfigurationIsVisible = 0;
		};
		99E41F5A1DED0E0D00F32968 /* Build configuration list for PBXNativeTarget "LiankejiUITests" */ = {
			isa = XCConfigurationList;
			buildConfigurations = (
				99E41F5B1DED0E0D00F32968 /* Debug */,
				99E41F5C1DED0E0D00F32968 /* Release */,
			);
			defaultConfigurationIsVisible = 0;
		};
/* End XCConfigurationList section */
	};
	rootObject = 99E41F1F1DED0E0D00F32968 /* Project object */;
}
